
Microsoft Visual Studio Solution File, Format Version 12.00
# Visual Studio Version 17
VisualStudioVersion = 17.5.33424.131
MinimumVisualStudioVersion = 10.0.40219.1
Project("{FAE04EC0-301F-11D3-BF4B-00C04F79EFBC}") = "ArrayEx1", "ArrayEx1.csproj", "{80D8EE4C-FE3C-452F-9FA2-D2B23C57DF98}"
EndProject
Global
	GlobalSection(SolutionConfigurationPlatforms) = preSolution
		Debug|Any CPU = Debug|Any CPU
		Release|Any CPU = Release|Any CPU
	EndGlobalSection
	GlobalSection(ProjectConfigurationPlatforms) = postSolution
		{80D8EE4C-FE3C-452F-9FA2-D2B23C57DF98}.Debug|Any CPU.ActiveCfg = Debug|Any CPU
		{80D8EE4C-FE3C-452F-9FA2-D2B23C57DF98}.Debug|Any CPU.Build.0 = Debug|Any CPU
		{80D8EE4C-FE3C-452F-9FA2-D2B23C57DF98}.Release|Any CPU.ActiveCfg = Release|Any CPU
		{80D8EE4C-FE3C-452F-9FA2-D2B23C57DF98}.Release|Any CPU.Build.0 = Release|Any CPU
	EndGlobalSection
	GlobalSection(SolutionProperties) = preSolution
		HideSolutionNode = FALSE
	EndGlobalSection
	GlobalSection(ExtensibilityGlobals) = postSolution
		SolutionGuid = {F7AB89BC-699F-4A07-AD4A-E54EABF46E91}
	EndGlobalSection
EndGlobal
