
Microsoft Visual Studio Solution File, Format Version 12.00
# Visual Studio Version 17
VisualStudioVersion = 17.5.33516.290
MinimumVisualStudioVersion = 10.0.40219.1
Project("{FAE04EC0-301F-11D3-BF4B-00C04F79EFBC}") = "MyConsole", "MyConsole\MyConsole.csproj", "{8275D5DF-DB63-4D96-81E0-377C596AE6D1}"
EndProject
Project("{FAE04EC0-301F-11D3-BF4B-00C04F79EFBC}") = "MyDll", "MyDll\MyDll.csproj", "{DF3B7BD1-4FDA-4BFB-B9CF-4091993DBF5C}"
EndProject
Global
	GlobalSection(SolutionConfigurationPlatforms) = preSolution
		Debug|Any CPU = Debug|Any CPU
		Release|Any CPU = Release|Any CPU
	EndGlobalSection
	GlobalSection(ProjectConfigurationPlatforms) = postSolution
		{8275D5DF-DB63-4D96-81E0-377C596AE6D1}.Debug|Any CPU.ActiveCfg = Debug|Any CPU
		{8275D5DF-DB63-4D96-81E0-377C596AE6D1}.Debug|Any CPU.Build.0 = Debug|Any CPU
		{8275D5DF-DB63-4D96-81E0-377C596AE6D1}.Release|Any CPU.ActiveCfg = Release|Any CPU
		{8275D5DF-DB63-4D96-81E0-377C596AE6D1}.Release|Any CPU.Build.0 = Release|Any CPU
		{DF3B7BD1-4FDA-4BFB-B9CF-4091993DBF5C}.Debug|Any CPU.ActiveCfg = Debug|Any CPU
		{DF3B7BD1-4FDA-4BFB-B9CF-4091993DBF5C}.Debug|Any CPU.Build.0 = Debug|Any CPU
		{DF3B7BD1-4FDA-4BFB-B9CF-4091993DBF5C}.Release|Any CPU.ActiveCfg = Release|Any CPU
		{DF3B7BD1-4FDA-4BFB-B9CF-4091993DBF5C}.Release|Any CPU.Build.0 = Release|Any CPU
	EndGlobalSection
	GlobalSection(SolutionProperties) = preSolution
		HideSolutionNode = FALSE
	EndGlobalSection
	GlobalSection(ExtensibilityGlobals) = postSolution
		SolutionGuid = {82F5FF30-6F18-436E-A059-B538BB71797D}
	EndGlobalSection
EndGlobal
